
Microsoft Visual Studio Solution File, Format Version 12.00
# Visual Studio Version 16
VisualStudioVersion = 16.0.31829.152
MinimumVisualStudioVersion = 10.0.40219.1
Project("{FAE04EC0-301F-11D3-BF4B-00C04F79EFBC}") = "VS8.1.1 (VAR1)", "VS8.1.1\VS8.1.1 (VAR1).csproj", "{20007700-17C3-4454-A15D-BF0647562CF9}"
EndProject
Project("{FAE04EC0-301F-11D3-BF4B-00C04F79EFBC}") = "VS8.1.2 (VAR2)", "VS8.1.2 (VAR2)\VS8.1.2 (VAR2).csproj", "{D3305DB3-97E0-4815-B6E7-4961E5372AE3}"
EndProject
Project("{FAE04EC0-301F-11D3-BF4B-00C04F79EFBC}") = "VS8.2", "VS8.2\VS8.2.csproj", "{0A8C7536-C95D-4E9C-93A4-274F0E6DE274}"
EndProject
Global
	GlobalSection(SolutionConfigurationPlatforms) = preSolution
		Debug|Any CPU = Debug|Any CPU
		Release|Any CPU = Release|Any CPU
	EndGlobalSection
	GlobalSection(ProjectConfigurationPlatforms) = postSolution
		{20007700-17C3-4454-A15D-BF0647562CF9}.Debug|Any CPU.ActiveCfg = Debug|Any CPU
		{20007700-17C3-4454-A15D-BF0647562CF9}.Debug|Any CPU.Build.0 = Debug|Any CPU
		{20007700-17C3-4454-A15D-BF0647562CF9}.Release|Any CPU.ActiveCfg = Release|Any CPU
		{20007700-17C3-4454-A15D-BF0647562CF9}.Release|Any CPU.Build.0 = Release|Any CPU
		{D3305DB3-97E0-4815-B6E7-4961E5372AE3}.Debug|Any CPU.ActiveCfg = Debug|Any CPU
		{D3305DB3-97E0-4815-B6E7-4961E5372AE3}.Debug|Any CPU.Build.0 = Debug|Any CPU
		{D3305DB3-97E0-4815-B6E7-4961E5372AE3}.Release|Any CPU.ActiveCfg = Release|Any CPU
		{D3305DB3-97E0-4815-B6E7-4961E5372AE3}.Release|Any CPU.Build.0 = Release|Any CPU
		{0A8C7536-C95D-4E9C-93A4-274F0E6DE274}.Debug|Any CPU.ActiveCfg = Debug|Any CPU
		{0A8C7536-C95D-4E9C-93A4-274F0E6DE274}.Debug|Any CPU.Build.0 = Debug|Any CPU
		{0A8C7536-C95D-4E9C-93A4-274F0E6DE274}.Release|Any CPU.ActiveCfg = Release|Any CPU
		{0A8C7536-C95D-4E9C-93A4-274F0E6DE274}.Release|Any CPU.Build.0 = Release|Any CPU
	EndGlobalSection
	GlobalSection(SolutionProperties) = preSolution
		HideSolutionNode = FALSE
	EndGlobalSection
	GlobalSection(ExtensibilityGlobals) = postSolution
		SolutionGuid = {0C59DAED-B9BC-4857-B568-A7F4A4818F7C}
	EndGlobalSection
EndGlobal
